Microsoft Visual Studio Solution File, Format Version 12.00
# Visual Studio Version 17
VisualStudioVersion = 17.5.2.0
MinimumVisualStudioVersion = 10.0.40219.1
Project("{FAE04EC0-301F-11D3-BF4B-00C04F79EFBC}") = "OnlineQuizSystem", "OnlineQuizSystem.csproj", "{BF86552E-FC0E-CF14-F63B-D84FC652FCCE}"
EndProject
Global
	GlobalSection(SolutionConfigurationPlatforms) = preSolution
		Debug|Any CPU = Debug|Any CPU
		Release|Any CPU = Release|Any CPU
	EndGlobalSection
	GlobalSection(ProjectConfigurationPlatforms) = postSolution
		{BF86552E-FC0E-CF14-F63B-D84FC652FCCE}.Debug|Any CPU.ActiveCfg = Debug|Any CPU
		{BF86552E-FC0E-CF14-F63B-D84FC652FCCE}.Debug|Any CPU.Build.0 = Debug|Any CPU
		{BF86552E-FC0E-CF14-F63B-D84FC652FCCE}.Release|Any CPU.ActiveCfg = Release|Any CPU
		{BF86552E-FC0E-CF14-F63B-D84FC652FCCE}.Release|Any CPU.Build.0 = Release|Any CPU
	EndGlobalSection
	GlobalSection(SolutionProperties) = preSolution
		HideSolutionNode = FALSE
	EndGlobalSection
	GlobalSection(ExtensibilityGlobals) = postSolution
		SolutionGuid = {AE33A12D-EB1A-429A-A144-770DD650C3D4}
	EndGlobalSection
EndGlobal
